
Microsoft Visual Studio Solution File, Format Version 12.00
Project("{FAE04EC0-301F-11D3-BF4B-00C04F79EFBC}") = "SudokuSolutionEngine.CLI", "SudokuSolutionEngine.CLI\SudokuSolutionEngine.CLI.csproj", "{9CDAE320-237D-4879-9B92-A58906A082B0}"
EndProject
Project("{FAE04EC0-301F-11D3-BF4B-00C04F79EFBC}") = "SudokuSolutionEngine.Core", "SudokuSolutionEngine.Core\SudokuSolutionEngine.Core.csproj", "{567895C2-E74A-4E5C-8F7F-DA4E2633D5DE}"
EndProject
Project("{FAE04EC0-301F-11D3-BF4B-00C04F79EFBC}") = "SudokuSolutionEngine.Core.Tests", "SudokuSolutionEngine.Core.Tests\SudokuSolutionEngine.Core.Tests.csproj", "{FA9CDD48-7A0D-42B0-ACAA-99CFEB0EB90A}"
EndProject
Project("{FAE04EC0-301F-11D3-BF4B-00C04F79EFBC}") = "SudokuSolutionEngine.API", "SudokuSolutionEngine.API\SudokuSolutionEngine.API.csproj", "{1F612435-7FDF-42E9-BFBA-5DD08933BA63}"
EndProject
Global
	GlobalSection(SolutionConfigurationPlatforms) = preSolution
		Debug|Any CPU = Debug|Any CPU
		Debug|x64 = Debug|x64
		Debug|x86 = Debug|x86
		Release|Any CPU = Release|Any CPU
		Release|x64 = Release|x64
		Release|x86 = Release|x86
	EndGlobalSection
	GlobalSection(ProjectConfigurationPlatforms) = postSolution
		{9CDAE320-237D-4879-9B92-A58906A082B0}.Debug|Any CPU.ActiveCfg = Debug|Any CPU
		{9CDAE320-237D-4879-9B92-A58906A082B0}.Debug|Any CPU.Build.0 = Debug|Any CPU
		{9CDAE320-237D-4879-9B92-A58906A082B0}.Debug|x64.ActiveCfg = Debug|Any CPU
		{9CDAE320-237D-4879-9B92-A58906A082B0}.Debug|x64.Build.0 = Debug|Any CPU
		{9CDAE320-237D-4879-9B92-A58906A082B0}.Debug|x86.ActiveCfg = Debug|Any CPU
		{9CDAE320-237D-4879-9B92-A58906A082B0}.Debug|x86.Build.0 = Debug|Any CPU
		{9CDAE320-237D-4879-9B92-A58906A082B0}.Release|Any CPU.ActiveCfg = Release|Any CPU
		{9CDAE320-237D-4879-9B92-A58906A082B0}.Release|Any CPU.Build.0 = Release|Any CPU
		{9CDAE320-237D-4879-9B92-A58906A082B0}.Release|x64.ActiveCfg = Release|Any CPU
		{9CDAE320-237D-4879-9B92-A58906A082B0}.Release|x64.Build.0 = Release|Any CPU
		{9CDAE320-237D-4879-9B92-A58906A082B0}.Release|x86.ActiveCfg = Release|Any CPU
		{9CDAE320-237D-4879-9B92-A58906A082B0}.Release|x86.Build.0 = Release|Any CPU
		{567895C2-E74A-4E5C-8F7F-DA4E2633D5DE}.Debug|Any CPU.ActiveCfg = Debug|Any CPU
		{567895C2-E74A-4E5C-8F7F-DA4E2633D5DE}.Debug|Any CPU.Build.0 = Debug|Any CPU
		{567895C2-E74A-4E5C-8F7F-DA4E2633D5DE}.Debug|x64.ActiveCfg = Debug|Any CPU
		{567895C2-E74A-4E5C-8F7F-DA4E2633D5DE}.Debug|x64.Build.0 = Debug|Any CPU
		{567895C2-E74A-4E5C-8F7F-DA4E2633D5DE}.Debug|x86.ActiveCfg = Debug|Any CPU
		{567895C2-E74A-4E5C-8F7F-DA4E2633D5DE}.Debug|x86.Build.0 = Debug|Any CPU
		{567895C2-E74A-4E5C-8F7F-DA4E2633D5DE}.Release|Any CPU.ActiveCfg = Release|Any CPU
		{567895C2-E74A-4E5C-8F7F-DA4E2633D5DE}.Release|Any CPU.Build.0 = Release|Any CPU
		{567895C2-E74A-4E5C-8F7F-DA4E2633D5DE}.Release|x64.ActiveCfg = Release|Any CPU
		{567895C2-E74A-4E5C-8F7F-DA4E2633D5DE}.Release|x64.Build.0 = Release|Any CPU
		{567895C2-E74A-4E5C-8F7F-DA4E2633D5DE}.Release|x86.ActiveCfg = Release|Any CPU
		{567895C2-E74A-4E5C-8F7F-DA4E2633D5DE}.Release|x86.Build.0 = Release|Any CPU
		{FA9CDD48-7A0D-42B0-ACAA-99CFEB0EB90A}.Debug|Any CPU.ActiveCfg = Debug|Any CPU
		{FA9CDD48-7A0D-42B0-ACAA-99CFEB0EB90A}.Debug|Any CPU.Build.0 = Debug|Any CPU
		{FA9CDD48-7A0D-42B0-ACAA-99CFEB0EB90A}.Debug|x64.ActiveCfg = Debug|Any CPU
		{FA9CDD48-7A0D-42B0-ACAA-99CFEB0EB90A}.Debug|x64.Build.0 = Debug|Any CPU
		{FA9CDD48-7A0D-42B0-ACAA-99CFEB0EB90A}.Debug|x86.ActiveCfg = Debug|Any CPU
		{FA9CDD48-7A0D-42B0-ACAA-99CFEB0EB90A}.Debug|x86.Build.0 = Debug|Any CPU
		{FA9CDD48-7A0D-42B0-ACAA-99CFEB0EB90A}.Release|Any CPU.ActiveCfg = Release|Any CPU
		{FA9CDD48-7A0D-42B0-ACAA-99CFEB0EB90A}.Release|Any CPU.Build.0 = Release|Any CPU
		{FA9CDD48-7A0D-42B0-ACAA-99CFEB0EB90A}.Release|x64.ActiveCfg = Release|Any CPU
		{FA9CDD48-7A0D-42B0-ACAA-99CFEB0EB90A}.Release|x64.Build.0 = Release|Any CPU
		{FA9CDD48-7A0D-42B0-ACAA-99CFEB0EB90A}.Release|x86.ActiveCfg = Release|Any CPU
		{FA9CDD48-7A0D-42B0-ACAA-99CFEB0EB90A}.Release|x86.Build.0 = Release|Any CPU
		{1F612435-7FDF-42E9-BFBA-5DD08933BA63}.Debug|Any CPU.ActiveCfg = Debug|Any CPU
		{1F612435-7FDF-42E9-BFBA-5DD08933BA63}.Debug|Any CPU.Build.0 = Debug|Any CPU
		{1F612435-7FDF-42E9-BFBA-5DD08933BA63}.Debug|x64.ActiveCfg = Debug|Any CPU
		{1F612435-7FDF-42E9-BFBA-5DD08933BA63}.Debug|x64.Build.0 = Debug|Any CPU
		{1F612435-7FDF-42E9-BFBA-5DD08933BA63}.Debug|x86.ActiveCfg = Debug|Any CPU
		{1F612435-7FDF-42E9-BFBA-5DD08933BA63}.Debug|x86.Build.0 = Debug|Any CPU
		{1F612435-7FDF-42E9-BFBA-5DD08933BA63}.Release|Any CPU.ActiveCfg = Release|Any CPU
		{1F612435-7FDF-42E9-BFBA-5DD08933BA63}.Release|Any CPU.Build.0 = Release|Any CPU
		{1F612435-7FDF-42E9-BFBA-5DD08933BA63}.Release|x64.ActiveCfg = Release|Any CPU
		{1F612435-7FDF-42E9-BFBA-5DD08933BA63}.Release|x64.Build.0 = Release|Any CPU
		{1F612435-7FDF-42E9-BFBA-5DD08933BA63}.Release|x86.ActiveCfg = Release|Any CPU
		{1F612435-7FDF-42E9-BFBA-5DD08933BA63}.Release|x86.Build.0 = Release|Any CPU
	EndGlobalSection
	GlobalSection(SolutionProperties) = preSolution
		HideSolutionNode = FALSE
	EndGlobalSection
EndGlobal
