Microsoft Visual Studio Solution File, Format Version 12.00
Project("{FAE04EC0-301F-11D3-BF4B-00C04F79EFBC}") = "SudokuSolver", "SudokuSolver\SudokuSolver.csproj", "{60E12852-0F2A-4A71-A9A7-CD6DC4EB271A}"
EndProject
Project("{FAE04EC0-301F-11D3-BF4B-00C04F79EFBC}") = "SudokuSolver.UnitTests", "SudokuSolver.UnitTests\SudokuSolver.UnitTests.csproj", "{E49B6C20-805B-46EF-BBD0-468BD60E3B92}"
EndProject
Global
	GlobalSection(SolutionConfigurationPlatforms) = preSolution
		Debug|Any CPU = Debug|Any CPU
		Release|Any CPU = Release|Any CPU
	EndGlobalSection
	GlobalSection(ProjectConfigurationPlatforms) = postSolution
		{60E12852-0F2A-4A71-A9A7-CD6DC4EB271A}.Debug|Any CPU.ActiveCfg = Debug|Any CPU
		{60E12852-0F2A-4A71-A9A7-CD6DC4EB271A}.Debug|Any CPU.Build.0 = Debug|Any CPU
		{60E12852-0F2A-4A71-A9A7-CD6DC4EB271A}.Release|Any CPU.ActiveCfg = Release|Any CPU
		{60E12852-0F2A-4A71-A9A7-CD6DC4EB271A}.Release|Any CPU.Build.0 = Release|Any CPU
		{E49B6C20-805B-46EF-BBD0-468BD60E3B92}.Debug|Any CPU.ActiveCfg = Debug|Any CPU
		{E49B6C20-805B-46EF-BBD0-468BD60E3B92}.Debug|Any CPU.Build.0 = Debug|Any CPU
		{E49B6C20-805B-46EF-BBD0-468BD60E3B92}.Release|Any CPU.ActiveCfg = Release|Any CPU
		{E49B6C20-805B-46EF-BBD0-468BD60E3B92}.Release|Any CPU.Build.0 = Release|Any CPU
	EndGlobalSection
EndGlobal

